# THIS IS AN AUTOGENERATED FILE. DO NOT EDIT THIS FILE DIRECTLY.
# yarn lockfile v1


three-trackballcontrols@^0.0.8:
  version "0.0.8"
  resolved "https://registry.yarnpkg.com/three-trackballcontrols/-/three-trackballcontrols-0.0.8.tgz#4af85312d211387e451023f9bef576094993a118"
  integrity sha512-9my4rB/ILaJw8E6khOcC6d8F8kEe6BvRtCer9bFJGZOh9txy4BqzwPrG7d8YCKK9MfcyTUoLsB5LKIsbtsZRTg==

three@^0.115.0:
  version "0.115.0"
  resolved "https://registry.yarnpkg.com/three/-/three-0.115.0.tgz#540d800c381b9da2334c024f0fbe4d23f84eb05e"
  integrity sha512-mAV2Ky3RdcbdSbR9capI+tKLvRldWYxd4151PZTT/o7+U2jh9Is3a4KmnYwzyUAhB2ZA3pXSgCd2DOY4Tj5kow==
